
Microsoft Visual Studio Solution File, Format Version 12.00
# Visual Studio Version 17
VisualStudioVersion = 17.3.32804.467
MinimumVisualStudioVersion = 10.0.40219.1
Project("{FAE04EC0-301F-11D3-BF4B-00C04F79EFBC}") = "GameStore", "GameStore\GameStore.csproj", "{0C5C2B9F-D566-4F2D-9289-9419B077B2B2}"
EndProject
Global
	GlobalSection(SolutionConfigurationPlatforms) = preSolution
		Debug|Any CPU = Debug|Any CPU
		Release|Any CPU = Release|Any CPU
	EndGlobalSection
	GlobalSection(ProjectConfigurationPlatforms) = postSolution
		{0C5C2B9F-D566-4F2D-9289-9419B077B2B2}.Debug|Any CPU.ActiveCfg = Debug|Any CPU
		{0C5C2B9F-D566-4F2D-9289-9419B077B2B2}.Debug|Any CPU.Build.0 = Debug|Any CPU
		{0C5C2B9F-D566-4F2D-9289-9419B077B2B2}.Release|Any CPU.ActiveCfg = Release|Any CPU
		{0C5C2B9F-D566-4F2D-9289-9419B077B2B2}.Release|Any CPU.Build.0 = Release|Any CPU
	EndGlobalSection
	GlobalSection(SolutionProperties) = preSolution
		HideSolutionNode = FALSE
	EndGlobalSection
	GlobalSection(ExtensibilityGlobals) = postSolution
		SolutionGuid = {188B9C8C-7831-46F1-8A5C-3789E0013245}
	EndGlobalSection
EndGlobal
